dependencies:
- name: kube-state-metrics
  repository: https://hickeyma.github.io/redhat-marketplace-helm-charts
  version: 2.13.2
- name: prometheus-node-exporter
  repository: https://hickeyma.github.io/redhat-marketplace-helm-charts
  version: 1.16.2
- name: grafana
  repository: https://hickeyma.github.io/redhat-marketplace-helm-charts
  version: 6.7.3
digest: sha256:42d4a7f0a2b5da0854bed85f4fbe244cfaba5a829fe2b5e8d398095709713fab
generated: "2021-04-13T09:56:45.592799+01:00"
